
Microsoft Visual Studio Solution File, Format Version 12.00
# Visual Studio Version 17
VisualStudioVersion = 17.0.31903.59
MinimumVisualStudioVersion = 10.0.40219.1
Project("{FAE04EC0-301F-11D3-BF4B-00C04F79EFBC}") = "Heroi", "Heroi\Heroi.csproj", "{4C9B0917-848B-4AB7-B1F2-7475D3943746}"
EndProject
Project("{FAE04EC0-301F-11D3-BF4B-00C04F79EFBC}") = "Heroi atendeddo regras", "Heroi atendeddo regras\Heroi atendeddo regras.csproj", "{386AA298-47AA-4330-B4A4-CC638A113FAB}"
EndProject
Project("{FAE04EC0-301F-11D3-BF4B-00C04F79EFBC}") = "Heroi atendendo regras", "Heroi atendendo regras\Heroi atendendo regras.csproj", "{4C07AE7C-9DB8-4FB7-ABBE-B47F2CE8A498}"
EndProject
Global
	GlobalSection(SolutionConfigurationPlatforms) = preSolution
		Debug|Any CPU = Debug|Any CPU
		Debug|x64 = Debug|x64
		Debug|x86 = Debug|x86
		Release|Any CPU = Release|Any CPU
		Release|x64 = Release|x64
		Release|x86 = Release|x86
	EndGlobalSection
	GlobalSection(ProjectConfigurationPlatforms) = postSolution
		{4C9B0917-848B-4AB7-B1F2-7475D3943746}.Debug|Any CPU.ActiveCfg = Debug|Any CPU
		{4C9B0917-848B-4AB7-B1F2-7475D3943746}.Debug|Any CPU.Build.0 = Debug|Any CPU
		{4C9B0917-848B-4AB7-B1F2-7475D3943746}.Debug|x64.ActiveCfg = Debug|Any CPU
		{4C9B0917-848B-4AB7-B1F2-7475D3943746}.Debug|x64.Build.0 = Debug|Any CPU
		{4C9B0917-848B-4AB7-B1F2-7475D3943746}.Debug|x86.ActiveCfg = Debug|Any CPU
		{4C9B0917-848B-4AB7-B1F2-7475D3943746}.Debug|x86.Build.0 = Debug|Any CPU
		{4C9B0917-848B-4AB7-B1F2-7475D3943746}.Release|Any CPU.ActiveCfg = Release|Any CPU
		{4C9B0917-848B-4AB7-B1F2-7475D3943746}.Release|Any CPU.Build.0 = Release|Any CPU
		{4C9B0917-848B-4AB7-B1F2-7475D3943746}.Release|x64.ActiveCfg = Release|Any CPU
		{4C9B0917-848B-4AB7-B1F2-7475D3943746}.Release|x64.Build.0 = Release|Any CPU
		{4C9B0917-848B-4AB7-B1F2-7475D3943746}.Release|x86.ActiveCfg = Release|Any CPU
		{4C9B0917-848B-4AB7-B1F2-7475D3943746}.Release|x86.Build.0 = Release|Any CPU
		{386AA298-47AA-4330-B4A4-CC638A113FAB}.Debug|Any CPU.ActiveCfg = Debug|Any CPU
		{386AA298-47AA-4330-B4A4-CC638A113FAB}.Debug|Any CPU.Build.0 = Debug|Any CPU
		{386AA298-47AA-4330-B4A4-CC638A113FAB}.Debug|x64.ActiveCfg = Debug|Any CPU
		{386AA298-47AA-4330-B4A4-CC638A113FAB}.Debug|x64.Build.0 = Debug|Any CPU
		{386AA298-47AA-4330-B4A4-CC638A113FAB}.Debug|x86.ActiveCfg = Debug|Any CPU
		{386AA298-47AA-4330-B4A4-CC638A113FAB}.Debug|x86.Build.0 = Debug|Any CPU
		{386AA298-47AA-4330-B4A4-CC638A113FAB}.Release|Any CPU.ActiveCfg = Release|Any CPU
		{386AA298-47AA-4330-B4A4-CC638A113FAB}.Release|Any CPU.Build.0 = Release|Any CPU
		{386AA298-47AA-4330-B4A4-CC638A113FAB}.Release|x64.ActiveCfg = Release|Any CPU
		{386AA298-47AA-4330-B4A4-CC638A113FAB}.Release|x64.Build.0 = Release|Any CPU
		{386AA298-47AA-4330-B4A4-CC638A113FAB}.Release|x86.ActiveCfg = Release|Any CPU
		{386AA298-47AA-4330-B4A4-CC638A113FAB}.Release|x86.Build.0 = Release|Any CPU
		{4C07AE7C-9DB8-4FB7-ABBE-B47F2CE8A498}.Debug|Any CPU.ActiveCfg = Debug|Any CPU
		{4C07AE7C-9DB8-4FB7-ABBE-B47F2CE8A498}.Debug|Any CPU.Build.0 = Debug|Any CPU
		{4C07AE7C-9DB8-4FB7-ABBE-B47F2CE8A498}.Debug|x64.ActiveCfg = Debug|Any CPU
		{4C07AE7C-9DB8-4FB7-ABBE-B47F2CE8A498}.Debug|x64.Build.0 = Debug|Any CPU
		{4C07AE7C-9DB8-4FB7-ABBE-B47F2CE8A498}.Debug|x86.ActiveCfg = Debug|Any CPU
		{4C07AE7C-9DB8-4FB7-ABBE-B47F2CE8A498}.Debug|x86.Build.0 = Debug|Any CPU
		{4C07AE7C-9DB8-4FB7-ABBE-B47F2CE8A498}.Release|Any CPU.ActiveCfg = Release|Any CPU
		{4C07AE7C-9DB8-4FB7-ABBE-B47F2CE8A498}.Release|Any CPU.Build.0 = Release|Any CPU
		{4C07AE7C-9DB8-4FB7-ABBE-B47F2CE8A498}.Release|x64.ActiveCfg = Release|Any CPU
		{4C07AE7C-9DB8-4FB7-ABBE-B47F2CE8A498}.Release|x64.Build.0 = Release|Any CPU
		{4C07AE7C-9DB8-4FB7-ABBE-B47F2CE8A498}.Release|x86.ActiveCfg = Release|Any CPU
		{4C07AE7C-9DB8-4FB7-ABBE-B47F2CE8A498}.Release|x86.Build.0 = Release|Any CPU
	EndGlobalSection
	GlobalSection(SolutionProperties) = preSolution
		HideSolutionNode = FALSE
	EndGlobalSection
EndGlobal
